
Microsoft Visual Studio Solution File, Format Version 11.00
# Visual C++ Express 2010
Project("{8BC9CEB8-8B4A-11D0-8D11-00A0C91BC942}") = "Engine", "Engine\Engine.vcxproj", "{2EAB43E3-2CF4-49EF-B200-F266DAAA3947}"
EndProject
Global
	GlobalSection(SolutionConfigurationPlatforms) = preSolution
		Debug|Win32 = Debug|Win32
		Release|Win32 = Release|Win32
	EndGlobalSection
	GlobalSection(ProjectConfigurationPlatforms) = postSolution
		{2EAB43E3-2CF4-49EF-B200-F266DAAA3947}.Debug|Win32.ActiveCfg = Debug|Win32
		{2EAB43E3-2CF4-49EF-B200-F266DAAA3947}.Debug|Win32.Build.0 = Debug|Win32
		{2EAB43E3-2CF4-49EF-B200-F266DAAA3947}.Release|Win32.ActiveCfg = Release|Win32
		{2EAB43E3-2CF4-49EF-B200-F266DAAA3947}.Release|Win32.Build.0 = Release|Win32
	EndGlobalSection
	GlobalSection(SolutionProperties) = preSolution
		HideSolutionNode = FALSE
	EndGlobalSection
EndGlobal
